# This file is automatically @generated by Poetry 1.4.2 and should not be changed by hand.

[[package]]
name = "tzdata"
version = "2023.3"
description = "Provider of IANA time zone data"
category = "main"
optional = false
python-versions = ">=2"
files = [
    {file = "tzdata-2023.3-py2.py3-none-any.whl", hash = "sha256:7e65763eef3120314099b6939b5546db7adce1e7d6f2e179e3df563c70511eda"},
    {file = "tzdata-2023.3.tar.gz", hash = "sha256:11ef1e08e54acb0d4f95bdb1be05da659673de4acbd21bf9c69e94cc5e907a3a"},
]

[[package]]
name = "urwid"
version = "2.2.2"
description = "A full-featured console (xterm et al.) user interface library"
category = "main"
optional = false
python-versions = ">=3.7.0"
files = [
    {file = "urwid-2.2.2-cp310-cp310-macosx_10_9_universal2.whl", hash = "sha256:3d3859a4c7eedc9d4adc4e4fa1e9f8b82047b1441a2b5957a4ecb8b2077dab1c"},
    {file = "urwid-2.2.2-cp310-cp310-macosx_10_9_x86_64.whl", hash = "sha256:702eb91a4989d4d9600618e00ac50f9f68b0ab32313f0acec9a559a1044c1fa6"},
    {file = "urwid-2.2.2-cp310-cp310-macosx_11_0_arm64.whl", hash = "sha256:ae2ec1032040c3a92cddede7b7262955595e7d0e4e8ae5a21dc4674eb3f6724b"},
    {file = "urwid-2.2.2-cp310-cp310-manylinux_2_17_aarch64.manylinux2014_aarch64.whl", hash = "sha256:65c705f515c1336dd2d75accd90bc6d446c985fc70819628c55a16afe923d7f9"},
    {file = "urwid-2.2.2-cp310-cp310-manylinux_2_5_i686.manylinux1_i686.manylinux_2_17_i686.manylinux2014_i686.whl", hash = "sha256:c21f797f87b8fcfb72ef1660b3845658878da2e621606b229f9d5f14cc98a4e2"},
    {file = "urwid-2.2.2-cp310-cp310-manylinux_2_5_x86_64.manylinux1_x86_64.manylinux_2_17_x86_64.manylinux2014_x86_64.whl", hash = "sha256:2b9b57a0a6f3ad109ba085a1a0a0153d098e950abe5f09a6bcd2f52346cb2d6e"},
    {file = "urwid-2.2.2-cp311-cp311-macosx_10_9_universal2.whl", hash = "sha256:a6b71f1bd7c7e356ca401bf193c760ac9bc482630dd4dedbde0795263b54eba4"},
    {file = "urwid-2.2.2-cp311-cp311-macosx_10_9_x86_64.whl", hash = "sha256:533f9d2ee0cd4ecb7b7ea54607bb201ac6075c42c0da57b67120140fa1b1a548"},
    {file = "urwid-2.2.2-cp311-cp311-macosx_11_0_arm64.whl", hash = "sha256:b8cde689f8f4b8d3c62168f53d2fe6701bcc5fb831b37488c4f93bd57bfebe3d"},
    {file = "urwid-2.2.2-cp311-cp311-manylinux_2_17_aarch64.manylinux2014_aarch64.whl", hash = "sha256:2aa84103b292eadd4583227edea1c7c83e77d40c1981e356d2e4f08da106aaa9"},
    {file = "urwid-2.2.2-cp311-cp311-manylinux_2_5_i686.manylinux1_i686.manylinux_2_17_i686.manylinux2014_i686.whl", hash = "sha256:e98e68f2c44a9e19fa3ef68fed381d7b1f20aee572a63f37f3062c0c6096bab6"},
    {file = "urwid-2.2.2-cp311-cp311-manylinux_2_5_x86_64.manylinux1_x86_64.manylinux_2_17_x86_64.manylinux2014_x86_64.whl", hash = "sha256:ca3c2258357c046eb7877067e22f70bf0921341233b245b7e69cbb38ec55f6e5"},
    {file = "urwid-2.2.2-cp312-cp312-macosx_10_9_universal2.whl", hash = "sha256:e7d6f62411e72876e67de22085fe4e8426519eb39bd9473724c7c421518f2e2e"},
    {file = "urwid-2.2.2-cp312-cp312-macosx_10_9_x86_64.whl", hash = "sha256:9590a8fd47152569ae3968fee437b10035d30b2e3ce6f916bf2f46a0db8589eb"},
    {file = "urwid-2.2.2-cp312-cp312-macosx_11_0_arm64.whl", hash = "sha256:aca2dc1b79214adcddce7c839c8b47ba405cc2040d210955d40cd8751a6c2b62"},
    {file = "urwid-2.2.2-cp312-cp312-manylinux_2_17_aarch64.manylinux2014_aarch64.whl", hash = "sha256:b6c3c39ac47377105c699d685226deb2b02e982ac411c9e184e14a42dd2465de"},
    {file = "urwid-2.2.2-cp312-cp312-manylinux_2_5_i686.manylinux1_i686.manylinux_2_17_i686.manylinux2014_i686.whl", hash = "sha256:caca9d3d5b6a3a723dc7147fbaf03c1444ce7d381e3ee43169b55ba0b680dd23"},
    {file = "urwid-2.2.2-cp312-cp312-manylinux_2_5_x86_64.manylinux1_x86_64.manylinux_2_17_x86_64.manylinux2014_x86_64.whl", hash = "sha256:53fef75a592538845c3ac46084ab0346d026cb0662506f20b932f2e29565df68"},
    {file = "urwid-2.2.2-cp37-cp37m-macosx_10_9_x86_64.whl", hash = "sha256:13d27499364037417a485b8a78e90a655d09bbfe7a09fd625e258f5d402ad35c"},
    {file = "urwid-2.2.2-cp37-cp37m-manylinux_2_17_aarch64.manylinux2014_aarch64.whl", hash = "sha256:436a50b750583b0be3a20e90c141a5241967c38119b50f7fa1d22221b2ff8e1d"},
    {file = "urwid-2.2.2-cp37-cp37m-manylinux_2_5_i686.manylinux1_i686.manylinux_2_17_i686.manylinux2014_i686.whl", hash = "sha256:f1016dafdac1cb5a45f8339e5b684a2f07df15aca8b469bf0941c1724c1fb950"},
    {file = "urwid-2.2.2-cp37-cp37m-manylinux_2_5_x86_64.manylinux1_x86_64.manylinux_2_17_x86_64.manylinux2014_x86_64.whl", hash = "sha256:15bda7bb0edc524429ae286a70407e30e5c474c0153e9c64c4acd82171634af5"},
    {file = "urwid-2.2.2-cp38-cp38-macosx_10_9_universal2.whl", hash = "sha256:d8ecac6d1a20932e2ff25a3de2b87c672dab41bbc36db87c5c2197f026d12ca8"},
    {file = "urwid-2.2.2-cp38-cp38-macosx_10_9_x86_64.whl", hash = "sha256:de67e51605645a0bb17564b2c5f6406dcb41ddbb502d5ec682b5a4846d2844fd"},
    {file = "urwid-2.2.2-cp38-cp38-macosx_11_0_arm64.whl", hash = "sha256:83bed43a2741101f5875b2cb6470ebbb491d1c2488f481a86921d167d9ff591b"},
    {file = "urwid-2.2.2-cp38-cp38-manylinux_2_17_aarch64.manylinux2014_aarch64.whl", hash = "sha256:0e142752c40186fc3e7435cb4a215679099ed718a041e5a0b19b0f71f7382073"},
    {file = "urwid-2.2.2-cp38-cp38-manylinux_2_5_i686.manylinux1_i686.manylinux_2_17_i686.manylinux2014_i686.whl", hash = "sha256:8ea07e35ee311f19da9424c652e831add974694929a25fd265189782502f1c5c"},
    {file = "urwid-2.2.2-cp38-cp38-manylinux_2_5_x86_64.manylinux1_x86_64.manylinux_2_17_x86_64.manylinux2014_x86_64.whl", hash = "sha256:4a889f91969a9888dfcf8c12d8a1cbc0cb6b1944920097ef06c76c464032a8c8"},
    {file = "urwid-2.2.2-cp39-cp39-macosx_10_9_universal2.whl", hash = "sha256:9ade5dfd25ca26dff6bba53bd4b0137f793ab9f2db545eb18298591356f601ea"},
    {file = "urwid-2.2.2-cp39-cp39-macosx_10_9_x86_64.whl", hash = "sha256:32b4fd0031cdb16a1b3868b55fac9d47a6c266f1fad63ceaf31396acad330046"},
    {file = "urwid-2.2.2-cp39-cp39-macosx_11_0_arm64.whl", hash = "sha256:219650cb7f921e2a92af779eab9a9d1b12a099f5f769705403f031b41a954c5d"},
    {file = "urwid-2.2.2-cp39-cp39-manylinux_2_17_aarch64.manylinux2014_aarch64.whl", hash = "sha256:447794999d5d0b5001ac711dab77548d26e78c6f74046369ec7b4147a39deee2"},
    {file = "urwid-2.2.2-cp39-cp39-manylinux_2_5_i686.manylinux1_i686.manylinux_2_17_i686.manylinux2014_i686.whl", hash = "sha256:1e20ab476761c18b48f89ff5e6cb17fb69046a87de7f7830634f96180434b798"},
    {file = "urwid-2.2.2-cp39-cp39-manylinux_2_5_x86_64.manylinux1_x86_64.manylinux_2_17_x86_64.manylinux2014_x86_64.whl", hash = "sha256:708b330ef90a239ddcb3633e3b16f3f8339de02d4d9f414dabfdf2f82ae8e445"},
    {file = "urwid-2.2.2.tar.gz", hash = "sha256:5f83b241c1cbf3ec6c4b8c6b908127e0c9ad7481c5d3145639524157fc4e1744"},
]

[[package]]
name = "xdg-base-dirs"
version = "6.0.1"
description = "Variables defined by the XDG Base Directory Specification"
category = "main"
optional = false
python-versions = ">=3.10,<4.0"
files = [
    {file = "xdg_base_dirs-6.0.1-py3-none-any.whl", hash = "sha256:63f6ebc1721ced2e86c340856e004ef829501a30a37e17079c52cfaf0e1741b9"},
    {file = "xdg_base_dirs-6.0.1.tar.gz", hash = "sha256:b4c8f4ba72d1286018b25eea374ec6fbf4fddda3d4137edf50de95de53e195a6"},
]

[metadata]
lock-version = "2.0"
python-versions = "^3.10"
content-hash = "6ddd447e3e3251b6f2dfbf51a7414ba6672cf2edaff1f8e53c4a841b30f823c8"
