# This file is automatically @generated by Poetry 1.4.2 and should not be changed by hand.

[[package]]
name = "tzdata"
version = "2023.3"
description = "Provider of IANA time zone data"
category = "main"
optional = false
python-versions = ">=2"
files = [
    {file = "tzdata-2023.3-py2.py3-none-any.whl", hash = "sha256:7e65763eef3120314099b6939b5546db7adce1e7d6f2e179e3df563c70511eda"},
    {file = "tzdata-2023.3.tar.gz", hash = "sha256:11ef1e08e54acb0d4f95bdb1be05da659673de4acbd21bf9c69e94cc5e907a3a"},
]

[[package]]
name = "urwid"
version = "2.2.3"
description = "A full-featured console (xterm et al.) user interface library"
category = "main"
optional = false
python-versions = ">=3.7.0"
files = [
    {file = "urwid-2.2.3-cp310-cp310-macosx_10_9_universal2.whl", hash = "sha256:7bbc35b54546975df692ab198a272eb459f883dc9b20a19d56eb19ff50838e9a"},
    {file = "urwid-2.2.3-cp310-cp310-macosx_10_9_x86_64.whl", hash = "sha256:64a3d49f5a8d083198a6bd80ea4c93f45ab1e0cc0735433217925b5df7c32c86"},
    {file = "urwid-2.2.3-cp310-cp310-macosx_11_0_arm64.whl", hash = "sha256:c1c9c088dc9aff393489c61edd35e3a16930f9b62da3c78e419fc0880aa1291f"},
    {file = "urwid-2.2.3-cp310-cp310-manylinux_2_17_aarch64.manylinux2014_aarch64.whl", hash = "sha256:746dfc58c745360705d004f75c8799fa6782ebb635666ad36f6e0e3e5fada8fe"},
    {file = "urwid-2.2.3-cp310-cp310-manylinux_2_5_i686.manylinux1_i686.manylinux_2_17_i686.manylinux2014_i686.whl", hash = "sha256:604facd127f7d9b535885291154144611fa0aad52f144e88e92e676e4fa09792"},
    {file = "urwid-2.2.3-cp310-cp310-manylinux_2_5_x86_64.manylinux1_x86_64.manylinux_2_17_x86_64.manylinux2014_x86_64.whl", hash = "sha256:4e241ea0cc3b9f62e74749a143118877cc04a49c00688acd0ecd97cfc907027b"},
    {file = "urwid-2.2.3-cp311-cp311-macosx_10_9_universal2.whl", hash = "sha256:0607961f0ce4a60fd4701138bcd198579caafdc020c11fff2db8c7d295786817"},
    {file = "urwid-2.2.3-cp311-cp311-macosx_10_9_x86_64.whl", hash = "sha256:b17dd1dd21926ca1dfbb7b0cfd43f18afe087fba2f488d29795d05a1fe763449"},
    {file = "urwid-2.2.3-cp311-cp311-macosx_11_0_arm64.whl", hash = "sha256:deb48828224cdc8a70269973ebe2830de5ab05d9837651af529418ec0de06355"},
    {file = "urwid-2.2.3-cp311-cp311-manylinux_2_17_aarch64.manylinux2014_aarch64.whl", hash = "sha256:7264f82f765339218297b09441d35f5bf90e3bb800a413b5116949729f91ba04"},
    {file = "urwid-2.2.3-cp311-cp311-manylinux_2_5_i686.manylinux1_i686.manylinux_2_17_i686.manylinux2014_i686.whl", hash = "sha256:1bbb1a2b8beecdaea4b2f6657efb6ca62c53e4156cfae156cb96bab90c738147"},
    {file = "urwid-2.2.3-cp311-cp311-manylinux_2_5_x86_64.manylinux1_x86_64.manylinux_2_17_x86_64.manylinux2014_x86_64.whl", hash = "sha256:cc1b894918813f170dff2a3f0127e972cfb7c6def3f1fb819a09d903d1383d15"},
    {file = "urwid-2.2.3-cp312-cp312-macosx_10_9_universal2.whl", hash = "sha256:b3aab4fedbb2fa1b7c0d8fb1c537285c16a46e6c72b54ca4423b779306662f7f"},
    {file = "urwid-2.2.3-cp312-cp312-macosx_10_9_x86_64.whl", hash = "sha256:8f73bb89aa79fd4604d24d59c3093adc6d472a22f604fad4df140b124ee9edcd"},
    {file = "urwid-2.2.3-cp312-cp312-macosx_11_0_arm64.whl", hash = "sha256:f7a9fb6d13595fa2f51a2c9927559c9d3706e1a788cbaf2d661631c65b5162bd"},
    {file = "urwid-2.2.3-cp312-cp312-manylinux_2_17_aarch64.manylinux2014_aarch64.whl", hash = "sha256:efcff1822c71d4f9980c75bbfd91f9b45739c629b0b881646f9fa9dcf8bac27c"},
    {file = "urwid-2.2.3-cp312-cp312-manylinux_2_5_i686.manylinux1_i686.manylinux_2_17_i686.manylinux2014_i686.whl", hash = "sha256:0719114584eeda539e4dd649e8e434a64d0a38ba9769fe4f80d1286e19850713"},
    {file = "urwid-2.2.3-cp312-cp312-manylinux_2_5_x86_64.manylinux1_x86_64.manylinux_2_17_x86_64.manylinux2014_x86_64.whl", hash = "sha256:5706994d3197124ffc57762e8d088b492b2e89f4d1b21cf51a9199d67355c4f3"},
    {file = "urwid-2.2.3-cp37-cp37m-macosx_10_9_x86_64.whl", hash = "sha256:b0f9f62a82df0cfb15e8a23ae1f6e6fa856c3415677d98724bc2b8a5702477d1"},
    {file = "urwid-2.2.3-cp37-cp37m-manylinux_2_17_aarch64.manylinux2014_aarch64.whl", hash = "sha256:36a856fd0cb38c05fda2ee785f395684ea4f682b1f830ccdab7d0784543f9d13"},
    {file = "urwid-2.2.3-cp37-cp37m-manylinux_2_5_i686.manylinux1_i686.manylinux_2_17_i686.manylinux2014_i686.whl", hash = "sha256:f55eb74095dcbeb0f53dc32b7d809d5c34792c7b9b372c3d24fe1ffaaef1863b"},
    {file = "urwid-2.2.3-cp37-cp37m-manylinux_2_5_x86_64.manylinux1_x86_64.manylinux_2_17_x86_64.manylinux2014_x86_64.whl", hash = "sha256:59dac9f19020f53a9400f8a0ba2b18b4389fd1deeab88c8319736fd108244d72"},
    {file = "urwid-2.2.3-cp38-cp38-macosx_10_9_universal2.whl", hash = "sha256:5a4ee4072e64b414075f32373fc5f63967a4686708ada3e8f8df52d4a2ada8a7"},
    {file = "urwid-2.2.3-cp38-cp38-macosx_10_9_x86_64.whl", hash = "sha256:bd036997b600c84b33c7bc49b98f029990f49a70d4b21d3399ae7aeba73f0c4e"},
    {file = "urwid-2.2.3-cp38-cp38-macosx_11_0_arm64.whl", hash = "sha256:c094b9d00aeb95496372bc27d5c3a2127546f2efc75cafcad019a99c4ab98d9b"},
    {file = "urwid-2.2.3-cp38-cp38-manylinux_2_17_aarch64.manylinux2014_aarch64.whl", hash = "sha256:42224c6aca61459b992c30b6740cbe9f4f0f420e8770a9345b7f3f09f19b2409"},
    {file = "urwid-2.2.3-cp38-cp38-manylinux_2_5_i686.manylinux1_i686.manylinux_2_17_i686.manylinux2014_i686.whl", hash = "sha256:efc234c8d74bf839896eeae9333be91e0fa832dee552f2c764e300080d06d2e2"},
    {file = "urwid-2.2.3-cp38-cp38-manylinux_2_5_x86_64.manylinux1_x86_64.manylinux_2_17_x86_64.manylinux2014_x86_64.whl", hash = "sha256:bf7819bd19ceaa9c1baa5bd50d304b5d4d759591e6a2a7edb1727d1a9f16782d"},
    {file = "urwid-2.2.3-cp39-cp39-macosx_10_9_universal2.whl", hash = "sha256:cd8c5f617807f2a8bb5750f851edd3305fb0417230c04b84f4782c51c58c19ea"},
    {file = "urwid-2.2.3-cp39-cp39-macosx_10_9_x86_64.whl", hash = "sha256:b50c7a06a620320b5c124fb3af7d339f7720fec29bf49d5486ec4115ec3df8ff"},
    {file = "urwid-2.2.3-cp39-cp39-macosx_11_0_arm64.whl", hash = "sha256:58950a17f3917b4a4a44e167d2ed1d59931f71a1be927c4d0204a035c51ebfd2"},
    {file = "urwid-2.2.3-cp39-cp39-manylinux_2_17_aarch64.manylinux2014_aarch64.whl", hash = "sha256:c4352f2a971c7b9dc236d5fce7c4492858441344ead85ce4b1cb1dd513098bbe"},
    {file = "urwid-2.2.3-cp39-cp39-manylinux_2_5_i686.manylinux1_i686.manylinux_2_17_i686.manylinux2014_i686.whl", hash = "sha256:80260cf2bd4be3eca611e978ee2926fc0338e9550702c77932efc80ca6b0b09d"},
    {file = "urwid-2.2.3-cp39-cp39-manylinux_2_5_x86_64.manylinux1_x86_64.manylinux_2_17_x86_64.manylinux2014_x86_64.whl", hash = "sha256:238ec0be47cbca99320f12864143638e4ebd1722a509f8037ff92ef66b0e9394"},
    {file = "urwid-2.2.3.tar.gz", hash = "sha256:e4516d55dcee6bd012b3e72a10c75f2866c63a740f0ec4e1ada05c1e1cc02e34"},
]

[package.extras]
glib = ["PyGObject"]
lcd = ["pyserial"]
serial = ["pyserial"]
tornado = ["tornado"]
trio = ["trio"]
twisted = ["twisted"]
zmq = ["zmq"]

[[package]]
name = "xdg-base-dirs"
version = "6.0.1"
description = "Variables defined by the XDG Base Directory Specification"
category = "main"
optional = false
python-versions = ">=3.10,<4.0"
files = [
    {file = "xdg_base_dirs-6.0.1-py3-none-any.whl", hash = "sha256:63f6ebc1721ced2e86c340856e004ef829501a30a37e17079c52cfaf0e1741b9"},
    {file = "xdg_base_dirs-6.0.1.tar.gz", hash = "sha256:b4c8f4ba72d1286018b25eea374ec6fbf4fddda3d4137edf50de95de53e195a6"},
]

[metadata]
lock-version = "2.0"
python-versions = "^3.10"
content-hash = "8415268a554a2129c6b0e61915102d83d5135e175704889c92e421e528d2df2c"
